
Microsoft Visual Studio Solution File, Format Version 12.00
# Visual Studio 15
VisualStudioVersion = 15.0.28307.271
MinimumVisualStudioVersion = 10.0.40219.1
Project("{9A19103F-16F7-4668-BE54-9A1E7A4F7556}") = "ProjectMTG.Console", "ProjectMTG.Console\ProjectMTG.Console.csproj", "{D3B330B7-72CF-4850-A588-1C62AA731272}"
EndProject
Project("{9A19103F-16F7-4668-BE54-9A1E7A4F7556}") = "ProjectMTG.Model", "ProjectMTG.Model\ProjectMTG.Model.csproj", "{CE9062E7-934E-4918-9B60-BE3C087245A6}"
EndProject
Project("{9A19103F-16F7-4668-BE54-9A1E7A4F7556}") = "ProjectMTG.DataAccess", "ProjectMTG.DataAccess\ProjectMTG.DataAccess.csproj", "{756807FD-D1FE-4C66-960A-D954B97FAFFA}"
EndProject
Project("{FAE04EC0-301F-11D3-BF4B-00C04F79EFBC}") = "ProjectMTG.Api", "ProjectMTG.Api\ProjectMTG.Api.csproj", "{574E0B91-B00F-4F46-AB5A-D6C9F48D0A30}"
EndProject
Global
	GlobalSection(SolutionConfigurationPlatforms) = preSolution
		Debug|Any CPU = Debug|Any CPU
		Release|Any CPU = Release|Any CPU
	EndGlobalSection
	GlobalSection(ProjectConfigurationPlatforms) = postSolution
		{D3B330B7-72CF-4850-A588-1C62AA731272}.Debug|Any CPU.ActiveCfg = Debug|Any CPU
		{D3B330B7-72CF-4850-A588-1C62AA731272}.Debug|Any CPU.Build.0 = Debug|Any CPU
		{D3B330B7-72CF-4850-A588-1C62AA731272}.Release|Any CPU.ActiveCfg = Release|Any CPU
		{D3B330B7-72CF-4850-A588-1C62AA731272}.Release|Any CPU.Build.0 = Release|Any CPU
		{CE9062E7-934E-4918-9B60-BE3C087245A6}.Debug|Any CPU.ActiveCfg = Debug|Any CPU
		{CE9062E7-934E-4918-9B60-BE3C087245A6}.Debug|Any CPU.Build.0 = Debug|Any CPU
		{CE9062E7-934E-4918-9B60-BE3C087245A6}.Release|Any CPU.ActiveCfg = Release|Any CPU
		{CE9062E7-934E-4918-9B60-BE3C087245A6}.Release|Any CPU.Build.0 = Release|Any CPU
		{756807FD-D1FE-4C66-960A-D954B97FAFFA}.Debug|Any CPU.ActiveCfg = Debug|Any CPU
		{756807FD-D1FE-4C66-960A-D954B97FAFFA}.Debug|Any CPU.Build.0 = Debug|Any CPU
		{756807FD-D1FE-4C66-960A-D954B97FAFFA}.Release|Any CPU.ActiveCfg = Release|Any CPU
		{756807FD-D1FE-4C66-960A-D954B97FAFFA}.Release|Any CPU.Build.0 = Release|Any CPU
		{574E0B91-B00F-4F46-AB5A-D6C9F48D0A30}.Debug|Any CPU.ActiveCfg = Debug|Any CPU
		{574E0B91-B00F-4F46-AB5A-D6C9F48D0A30}.Debug|Any CPU.Build.0 = Debug|Any CPU
		{574E0B91-B00F-4F46-AB5A-D6C9F48D0A30}.Release|Any CPU.ActiveCfg = Release|Any CPU
		{574E0B91-B00F-4F46-AB5A-D6C9F48D0A30}.Release|Any CPU.Build.0 = Release|Any CPU
	EndGlobalSection
	GlobalSection(SolutionProperties) = preSolution
		HideSolutionNode = FALSE
	EndGlobalSection
	GlobalSection(ExtensibilityGlobals) = postSolution
		SolutionGuid = {49EFD722-5F3A-4F4D-A4BC-FFC278801B05}
	EndGlobalSection
EndGlobal
